// !$*UTF8*$!
{
	archiveVersion = 1;
	classes = {
	};
	objectVersion = 50;
	objects = {

/* Begin PBXBuildFile section */
		964ACC4925E3A131009AC840 /* MemorizeApp.swift in Sources */ = {isa = PBXBuildFile; fileRef = 964ACC4825E3A131009AC840 /* MemorizeApp.swift */; };
		964ACC4B25E3A131009AC840 /* EmojiMemoryGameView.swift in Sources */ = {isa = PBXBuildFile; fileRef = 964ACC4A25E3A131009AC840 /* EmojiMemoryGameView.swift */; };
		964ACC4D25E3A133009AC840 /* Assets.xcassets in Resources */ = {isa = PBXBuildFile; fileRef = 964ACC4C25E3A133009AC840 /* Assets.xcassets */; };
		964ACC5025E3A133009AC840 /* Preview Assets.xcassets in Resources */ = {isa = PBXBuildFile; fileRef = 964ACC4F25E3A133009AC840 /* Preview Assets.xcassets */; };
		964ACC5B25E3A133009AC840 /* MemorizeTests.swift in Sources */ = {isa = PBXBuildFile; fileRef = 964ACC5A25E3A133009AC840 /* MemorizeTests.swift */; };
		964ACC6625E3A133009AC840 /* MemorizeUITests.swift in Sources */ = {isa = PBXBuildFile; fileRef = 964ACC6525E3A133009AC840 /* MemorizeUITests.swift */; };
		964ACC7725E3C804009AC840 /* MemoryGame.swift in Sources */ = {isa = PBXBuildFile; fileRef = 964ACC7625E3C804009AC840 /* MemoryGame.swift */; };
		964ACC7C25E3CA21009AC840 /* EmojiMemoryGame.swift in Sources */ = {isa = PBXBuildFile; fileRef = 964ACC7B25E3CA21009AC840 /* EmojiMemoryGame.swift */; };
/* End PBXBuildFile section */

/* Begin PBXContainerItemProxy section */
		964ACC5725E3A133009AC840 /* PBXContainerItemProxy */ = {
			isa = PBXContainerItemProxy;
			containerPortal = 964ACC3D25E3A131009AC840 /* Project object */;
			proxyType = 1;
			remoteGlobalIDString = 964ACC4425E3A131009AC840;
			remoteInfo = Memorize;
		};
		964ACC6225E3A133009AC840 /* PBXContainerItemProxy */ = {
			isa = PBXContainerItemProxy;
			containerPortal = 964ACC3D25E3A131009AC840 /* Project object */;
			proxyType = 1;
			remoteGlobalIDString = 964ACC4425E3A131009AC840;
			remoteInfo = Memorize;
		};
/* End PBXContainerItemProxy section */

/* Begin PBXFileReference section */
		964ACC4525E3A131009AC840 /* Memorize.app */ = {isa = PBXFileReference; explicitFileType = wrapper.application; includeInIndex = 0; path = Memorize.app; sourceTree = BUILT_PRODUCTS_DIR; };
		964ACC4825E3A131009AC840 /* MemorizeApp.swift */ = {isa = PBXFileReference; lastKnownFileType = sourcecode.swift; path = MemorizeApp.swift; sourceTree = "<group>"; };
		964ACC4A25E3A131009AC840 /* EmojiMemoryGameView.swift */ = {isa = PBXFileReference; lastKnownFileType = sourcecode.swift; path = EmojiMemoryGameView.swift; sourceTree = "<group>"; };
		964ACC4C25E3A133009AC840 /* Assets.xcassets */ = {isa = PBXFileReference; lastKnownFileType = folder.assetcatalog; path = Assets.xcassets; sourceTree = "<group>"; };
		964ACC4F25E3A133009AC840 /* Preview Assets.xcassets */ = {isa = PBXFileReference; lastKnownFileType = folder.assetcatalog; path = "Preview Assets.xcassets"; sourceTree = "<group>"; };
		964ACC5125E3A133009AC840 /* Info.plist */ = {isa = PBXFileReference; lastKnownFileType = text.plist.xml; path = Info.plist; sourceTree = "<group>"; };
		964ACC5625E3A133009AC840 /* MemorizeTests.xctest */ = {isa = PBXFileReference; explicitFileType = wrapper.cfbundle; includeInIndex = 0; path = MemorizeTests.xctest; sourceTree = BUILT_PRODUCTS_DIR; };
		964ACC5A25E3A133009AC840 /* MemorizeTests.swift */ = {isa = PBXFileReference; lastKnownFileType = sourcecode.swift; path = MemorizeTests.swift; sourceTree = "<group>"; };
		964ACC5C25E3A133009AC840 /* Info.plist */ = {isa = PBXFileReference; lastKnownFileType = text.plist.xml; path = Info.plist; sourceTree = "<group>"; };
		964ACC6125E3A133009AC840 /* MemorizeUITests.xctest */ = {isa = PBXFileReference; explicitFileType = wrapper.cfbundle; includeInIndex = 0; path = MemorizeUITests.xctest; sourceTree = BUILT_PRODUCTS_DIR; };
		964ACC6525E3A133009AC840 /* MemorizeUITests.swift */ = {isa = PBXFileReference; lastKnownFileType = sourcecode.swift; path = MemorizeUITests.swift; sourceTree = "<group>"; };
		964ACC6725E3A133009AC840 /* Info.plist */ = {isa = PBXFileReference; lastKnownFileType = text.plist.xml; path = Info.plist; sourceTree = "<group>"; };
		964ACC7625E3C804009AC840 /* MemoryGame.swift */ = {isa = PBXFileReference; lastKnownFileType = sourcecode.swift; path = MemoryGame.swift; sourceTree = "<group>"; };
		964ACC7B25E3CA21009AC840 /* EmojiMemoryGame.swift */ = {isa = PBXFileReference; lastKnownFileType = sourcecode.swift; path = EmojiMemoryGame.swift; sourceTree = "<group>"; };
/* End PBXFileReference section */

/* Begin PBXFrameworksBuildPhase section */
		964ACC4225E3A131009AC840 /* Frameworks */ = {
			isa = PBXFrameworksBuildPhase;
			buildActionMask = 2147483647;
			files = (
			);
			runOnlyForDeploymentPostprocessing = 0;
		};
		964ACC5325E3A133009AC840 /* Frameworks */ = {
			isa = PBXFrameworksBuildPhase;
			buildActionMask = 2147483647;
			files = (
			);
			runOnlyForDeploymentPostprocessing = 0;
		};
		964ACC5E25E3A133009AC840 /* Frameworks */ = {
			isa = PBXFrameworksBuildPhase;
			buildActionMask = 2147483647;
			files = (
			);
			runOnlyForDeploymentPostprocessing = 0;
		};
/* End PBXFrameworksBuildPhase section */

/* Begin PBXGroup section */
		964ACC3C25E3A131009AC840 = {
			isa = PBXGroup;
			children = (
				964ACC4725E3A131009AC840 /* Memorize */,
				964ACC5925E3A133009AC840 /* MemorizeTests */,
				964ACC6425E3A133009AC840 /* MemorizeUITests */,
				964ACC4625E3A131009AC840 /* Products */,
			);
			sourceTree = "<group>";
		};
		964ACC4625E3A131009AC840 /* Products */ = {
			isa = PBXGroup;
			children = (
				964ACC4525E3A131009AC840 /* Memorize.app */,
				964ACC5625E3A133009AC840 /* MemorizeTests.xctest */,
				964ACC6125E3A133009AC840 /* MemorizeUITests.xctest */,
			);
			name = Products;
			sourceTree = "<group>";
		};
		964ACC4725E3A131009AC840 /* Memorize */ = {
			isa = PBXGroup;
			children = (
				964ACC8225E3CA67009AC840 /* Views */,
				964ACC8125E3CA2F009AC840 /* Models */,
				964ACC8025E3CA25009AC840 /* ViewModels */,
				964ACC4825E3A131009AC840 /* MemorizeApp.swift */,
				964ACC4C25E3A133009AC840 /* Assets.xcassets */,
				964ACC5125E3A133009AC840 /* Info.plist */,
				964ACC4E25E3A133009AC840 /* Preview Content */,
			);
			path = Memorize;
			sourceTree = "<group>";
		};
		964ACC4E25E3A133009AC840 /* Preview Content */ = {
			isa = PBXGroup;
			children = (
				964ACC4F25E3A133009AC840 /* Preview Assets.xcassets */,
			);
			path = "Preview Content";
			sourceTree = "<group>";
		};
		964ACC5925E3A133009AC840 /* MemorizeTests */ = {
			isa = PBXGroup;
			children = (
				964ACC5A25E3A133009AC840 /* MemorizeTests.swift */,
				964ACC5C25E3A133009AC840 /* Info.plist */,
			);
			path = MemorizeTests;
			sourceTree = "<group>";
		};
		964ACC6425E3A133009AC840 /* MemorizeUITests */ = {
			isa = PBXGroup;
			children = (
				964ACC6525E3A133009AC840 /* MemorizeUITests.swift */,
				964ACC6725E3A133009AC840 /* Info.plist */,
			);
			path = MemorizeUITests;
			sourceTree = "<group>";
		};
		964ACC8025E3CA25009AC840 /* ViewModels */ = {
			isa = PBXGroup;
			children = (
				964ACC7B25E3CA21009AC840 /* EmojiMemoryGame.swift */,
			);
			path = ViewModels;
			sourceTree = "<group>";
		};
		964ACC8125E3CA2F009AC840 /* Models */ = {
			isa = PBXGroup;
			children = (
				964ACC7625E3C804009AC840 /* MemoryGame.swift */,
			);
			path = Models;
			sourceTree = "<group>";
		};
		964ACC8225E3CA67009AC840 /* Views */ = {
			isa = PBXGroup;
			children = (
				964ACC4A25E3A131009AC840 /* EmojiMemoryGameView.swift */,
			);
			path = Views;
			sourceTree = "<group>";
		};
/* End PBXGroup section */

/* Begin PBXNativeTarget section */
		964ACC4425E3A131009AC840 /* Memorize */ = {
			isa = PBXNativeTarget;
			buildConfigurationList = 964ACC6A25E3A133009AC840 /* Build configuration list for PBXNativeTarget "Memorize" */;
			buildPhases = (
				964ACC4125E3A131009AC840 /* Sources */,
				964ACC4225E3A131009AC840 /* Frameworks */,
				964ACC4325E3A131009AC840 /* Resources */,
			);
			buildRules = (
			);
			dependencies = (
			);
			name = Memorize;
			productName = Memorize;
			productReference = 964ACC4525E3A131009AC840 /* Memorize.app */;
			productType = "com.apple.product-type.application";
		};
		964ACC5525E3A133009AC840 /* MemorizeTests */ = {
			isa = PBXNativeTarget;
			buildConfigurationList = 964ACC6D25E3A133009AC840 /* Build configuration list for PBXNativeTarget "MemorizeTests" */;
			buildPhases = (
				964ACC5225E3A133009AC840 /* Sources */,
				964ACC5325E3A133009AC840 /* Frameworks */,
				964ACC5425E3A133009AC840 /* Resources */,
			);
			buildRules = (
			);
			dependencies = (
				964ACC5825E3A133009AC840 /* PBXTargetDependency */,
			);
			name = MemorizeTests;
			productName = MemorizeTests;
			productReference = 964ACC5625E3A133009AC840 /* MemorizeTests.xctest */;
			productType = "com.apple.product-type.bundle.unit-test";
		};
		964ACC6025E3A133009AC840 /* MemorizeUITests */ = {
			isa = PBXNativeTarget;
			buildConfigurationList = 964ACC7025E3A133009AC840 /* Build configuration list for PBXNativeTarget "MemorizeUITests" */;
			buildPhases = (
				964ACC5D25E3A133009AC840 /* Sources */,
				964ACC5E25E3A133009AC840 /* Frameworks */,
				964ACC5F25E3A133009AC840 /* Resources */,
			);
			buildRules = (
			);
			dependencies = (
				964ACC6325E3A133009AC840 /* PBXTargetDependency */,
			);
			name = MemorizeUITests;
			productName = MemorizeUITests;
			productReference = 964ACC6125E3A133009AC840 /* MemorizeUITests.xctest */;
			productType = "com.apple.product-type.bundle.ui-testing";
		};
/* End PBXNativeTarget section */

/* Begin PBXProject section */
		964ACC3D25E3A131009AC840 /* Project object */ = {
			isa = PBXProject;
			attributes = {
				LastSwiftUpdateCheck = 1240;
				LastUpgradeCheck = 1240;
				TargetAttributes = {
					964ACC4425E3A131009AC840 = {
						CreatedOnToolsVersion = 12.4;
					};
					964ACC5525E3A133009AC840 = {
						CreatedOnToolsVersion = 12.4;
						TestTargetID = 964ACC4425E3A131009AC840;
					};
					964ACC6025E3A133009AC840 = {
						CreatedOnToolsVersion = 12.4;
						TestTargetID = 964ACC4425E3A131009AC840;
					};
				};
			};
			buildConfigurationList = 964ACC4025E3A131009AC840 /* Build configuration list for PBXProject "Memorize" */;
			compatibilityVersion = "Xcode 9.3";
			developmentRegion = en;
			hasScannedForEncodings = 0;
			knownRegions = (
				en,
				Base,
			);
			mainGroup = 964ACC3C25E3A131009AC840;
			productRefGroup = 964ACC4625E3A131009AC840 /* Products */;
			projectDirPath = "";
			projectRoot = "";
			targets = (
				964ACC4425E3A131009AC840 /* Memorize */,
				964ACC5525E3A133009AC840 /* MemorizeTests */,
				964ACC6025E3A133009AC840 /* MemorizeUITests */,
			);
		};
/* End PBXProject section */

/* Begin PBXResourcesBuildPhase section */
		964ACC4325E3A131009AC840 /* Resources */ = {
			isa = PBXResourcesBuildPhase;
			buildActionMask = 2147483647;
			files = (
				964ACC5025E3A133009AC840 /* Preview Assets.xcassets in Resources */,
				964ACC4D25E3A133009AC840 /* Assets.xcassets in Resources */,
			);
			runOnlyForDeploymentPostprocessing = 0;
		};
		964ACC5425E3A133009AC840 /* Resources */ = {
			isa = PBXResourcesBuildPhase;
			buildActionMask = 2147483647;
			files = (
			);
			runOnlyForDeploymentPostprocessing = 0;
		};
		964ACC5F25E3A133009AC840 /* Resources */ = {
			isa = PBXResourcesBuildPhase;
			buildActionMask = 2147483647;
			files = (
			);
			runOnlyForDeploymentPostprocessing = 0;
		};
/* End PBXResourcesBuildPhase section */

/* Begin PBXSourcesBuildPhase section */
		964ACC4125E3A131009AC840 /* Sources */ = {
			isa = PBXSourcesBuildPhase;
			buildActionMask = 2147483647;
			files = (
				964ACC7725E3C804009AC840 /* MemoryGame.swift in Sources */,
				964ACC4B25E3A131009AC840 /* EmojiMemoryGameView.swift in Sources */,
				964ACC4925E3A131009AC840 /* MemorizeApp.swift in Sources */,
				964ACC7C25E3CA21009AC840 /* EmojiMemoryGame.swift in Sources */,
			);
			runOnlyForDeploymentPostprocessing = 0;
		};
		964ACC5225E3A133009AC840 /* Sources */ = {
			isa = PBXSourcesBuildPhase;
			buildActionMask = 2147483647;
			files = (
				964ACC5B25E3A133009AC840 /* MemorizeTests.swift in Sources */,
			);
			runOnlyForDeploymentPostprocessing = 0;
		};
		964ACC5D25E3A133009AC840 /* Sources */ = {
			isa = PBXSourcesBuildPhase;
			buildActionMask = 2147483647;
			files = (
				964ACC6625E3A133009AC840 /* MemorizeUITests.swift in Sources */,
			);
			runOnlyForDeploymentPostprocessing = 0;
		};
/* End PBXSourcesBuildPhase section */

/* Begin PBXTargetDependency section */
		964ACC5825E3A133009AC840 /* PBXTargetDependency */ = {
			isa = PBXTargetDependency;
			target = 964ACC4425E3A131009AC840 /* Memorize */;
			targetProxy = 964ACC5725E3A133009AC840 /* PBXContainerItemProxy */;
		};
		964ACC6325E3A133009AC840 /* PBXTargetDependency */ = {
			isa = PBXTargetDependency;
			target = 964ACC4425E3A131009AC840 /* Memorize */;
			targetProxy = 964ACC6225E3A133009AC840 /* PBXContainerItemProxy */;
		};
/* End PBXTargetDependency section */

/* Begin XCBuildConfiguration section */
		964ACC6825E3A133009AC840 /* Debug */ = {
			isa = XCBuildConfiguration;
			buildSettings = {
				ALWAYS_SEARCH_USER_PATHS = NO;
				CLANG_ANALYZER_NONNULL = YES;
				CLANG_ANALYZER_NUMBER_OBJECT_CONVERSION = YES_AGGRESSIVE;
				CLANG_CXX_LANGUAGE_STANDARD = "gnu++14";
				CLANG_CXX_LIBRARY = "libc++";
				CLANG_ENABLE_MODULES = YES;
				CLANG_ENABLE_OBJC_ARC = YES;
				CLANG_ENABLE_OBJC_WEAK = YES;
				CLANG_WARN_BLOCK_CAPTURE_AUTORELEASING = YES;
				CLANG_WARN_BOOL_CONVERSION = YES;
				CLANG_WARN_COMMA = YES;
				CLANG_WARN_CONSTANT_CONVERSION = YES;
				CLANG_WARN_DEPRECATED_OBJC_IMPLEMENTATIONS = YES;
				CLANG_WARN_DIRECT_OBJC_ISA_USAGE = YES_ERROR;
				CLANG_WARN_DOCUMENTATION_COMMENTS = YES;
				CLANG_WARN_EMPTY_BODY = YES;
				CLANG_WARN_ENUM_CONVERSION = YES;
				CLANG_WARN_INFINITE_RECURSION = YES;
				CLANG_WARN_INT_CONVERSION = YES;
				CLANG_WARN_NON_LITERAL_NULL_CONVERSION = YES;
				CLANG_WARN_OBJC_IMPLICIT_RETAIN_SELF = YES;
				CLANG_WARN_OBJC_LITERAL_CONVERSION = YES;
				CLANG_WARN_OBJC_ROOT_CLASS = YES_ERROR;
				CLANG_WARN_QUOTED_INCLUDE_IN_FRAMEWORK_HEADER = YES;
				CLANG_WARN_RANGE_LOOP_ANALYSIS = YES;
				CLANG_WARN_STRICT_PROTOTYPES = YES;
				CLANG_WARN_SUSPICIOUS_MOVE = YES;
				CLANG_WARN_UNGUARDED_AVAILABILITY = YES_AGGRESSIVE;
				CLANG_WARN_UNREACHABLE_CODE = YES;
				CLANG_WARN__DUPLICATE_METHOD_MATCH = YES;
				COPY_PHASE_STRIP = NO;
				DEBUG_INFORMATION_FORMAT = dwarf;
				ENABLE_STRICT_OBJC_MSGSEND = YES;
				ENABLE_TESTABILITY = YES;
				GCC_C_LANGUAGE_STANDARD = gnu11;
				GCC_DYNAMIC_NO_PIC = NO;
				GCC_NO_COMMON_BLOCKS = YES;
				GCC_OPTIMIZATION_LEVEL = 0;
				GCC_PREPROCESSOR_DEFINITIONS = (
					"DEBUG=1",
					"$(inherited)",
				);
				GCC_WARN_64_TO_32_BIT_CONVERSION = YES;
				GCC_WARN_ABOUT_RETURN_TYPE = YES_ERROR;
				GCC_WARN_UNDECLARED_SELECTOR = YES;
				GCC_WARN_UNINITIALIZED_AUTOS = YES_AGGRESSIVE;
				GCC_WARN_UNUSED_FUNCTION = YES;
				GCC_WARN_UNUSED_VARIABLE = YES;
				IPHONEOS_DEPLOYMENT_TARGET = 14.4;
				MTL_ENABLE_DEBUG_INFO = INCLUDE_SOURCE;
				MTL_FAST_MATH = YES;
				ONLY_ACTIVE_ARCH = YES;
				SDKROOT = iphoneos;
				SWIFT_ACTIVE_COMPILATION_CONDITIONS = DEBUG;
				SWIFT_OPTIMIZATION_LEVEL = "-Onone";
			};
			name = Debug;
		};
		964ACC6925E3A133009AC840 /* Release */ = {
			isa = XCBuildConfiguration;
			buildSettings = {
				ALWAYS_SEARCH_USER_PATHS = NO;
				CLANG_ANALYZER_NONNULL = YES;
				CLANG_ANALYZER_NUMBER_OBJECT_CONVERSION = YES_AGGRESSIVE;
				CLANG_CXX_LANGUAGE_STANDARD = "gnu++14";
				CLANG_CXX_LIBRARY = "libc++";
				CLANG_ENABLE_MODULES = YES;
				CLANG_ENABLE_OBJC_ARC = YES;
				CLANG_ENABLE_OBJC_WEAK = YES;
				CLANG_WARN_BLOCK_CAPTURE_AUTORELEASING = YES;
				CLANG_WARN_BOOL_CONVERSION = YES;
				CLANG_WARN_COMMA = YES;
				CLANG_WARN_CONSTANT_CONVERSION = YES;
				CLANG_WARN_DEPRECATED_OBJC_IMPLEMENTATIONS = YES;
				CLANG_WARN_DIRECT_OBJC_ISA_USAGE = YES_ERROR;
				CLANG_WARN_DOCUMENTATION_COMMENTS = YES;
				CLANG_WARN_EMPTY_BODY = YES;
				CLANG_WARN_ENUM_CONVERSION = YES;
				CLANG_WARN_INFINITE_RECURSION = YES;
				CLANG_WARN_INT_CONVERSION = YES;
				CLANG_WARN_NON_LITERAL_NULL_CONVERSION = YES;
				CLANG_WARN_OBJC_IMPLICIT_RETAIN_SELF = YES;
				CLANG_WARN_OBJC_LITERAL_CONVERSION = YES;
				CLANG_WARN_OBJC_ROOT_CLASS = YES_ERROR;
				CLANG_WARN_QUOTED_INCLUDE_IN_FRAMEWORK_HEADER = YES;
				CLANG_WARN_RANGE_LOOP_ANALYSIS = YES;
				CLANG_WARN_STRICT_PROTOTYPES = YES;
				CLANG_WARN_SUSPICIOUS_MOVE = YES;
				CLANG_WARN_UNGUARDED_AVAILABILITY = YES_AGGRESSIVE;
				CLANG_WARN_UNREACHABLE_CODE = YES;
				CLANG_WARN__DUPLICATE_METHOD_MATCH = YES;
				COPY_PHASE_STRIP = NO;
				DEBUG_INFORMATION_FORMAT = "dwarf-with-dsym";
				ENABLE_NS_ASSERTIONS = NO;
				ENABLE_STRICT_OBJC_MSGSEND = YES;
				GCC_C_LANGUAGE_STANDARD = gnu11;
				GCC_NO_COMMON_BLOCKS = YES;
				GCC_WARN_64_TO_32_BIT_CONVERSION = YES;
				GCC_WARN_ABOUT_RETURN_TYPE = YES_ERROR;
				GCC_WARN_UNDECLARED_SELECTOR = YES;
				GCC_WARN_UNINITIALIZED_AUTOS = YES_AGGRESSIVE;
				GCC_WARN_UNUSED_FUNCTION = YES;
				GCC_WARN_UNUSED_VARIABLE = YES;
				IPHONEOS_DEPLOYMENT_TARGET = 14.4;
				MTL_ENABLE_DEBUG_INFO = NO;
				MTL_FAST_MATH = YES;
				SDKROOT = iphoneos;
				SWIFT_COMPILATION_MODE = wholemodule;
				SWIFT_OPTIMIZATION_LEVEL = "-O";
				VALIDATE_PRODUCT = YES;
			};
			name = Release;
		};
		964ACC6B25E3A133009AC840 /* Debug */ = {
			isa = XCBuildConfiguration;
			buildSettings = {
				ASSETCATALOG_COMPILER_APPICON_NAME = AppIcon;
				ASSETCATALOG_COMPILER_GLOBAL_ACCENT_COLOR_NAME = AccentColor;
				CODE_SIGN_STYLE = Automatic;
				DEVELOPMENT_ASSET_PATHS = "\"Memorize/Preview Content\"";
				DEVELOPMENT_TEAM = 5P662H3S28;
				ENABLE_PREVIEWS = YES;
				INFOPLIST_FILE = Memorize/Info.plist;
				IPHONEOS_DEPLOYMENT_TARGET = 14.0;
				LD_RUNPATH_SEARCH_PATHS = (
					"$(inherited)",
					"@executable_path/Frameworks",
				);
				PRODUCT_BUNDLE_IDENTIFIER = net.bulamu.Memorize;
				PRODUCT_NAME = "$(TARGET_NAME)";
				SWIFT_VERSION = 5.0;
				TARGETED_DEVICE_FAMILY = "1,2";
			};
			name = Debug;
		};
		964ACC6C25E3A133009AC840 /* Release */ = {
			isa = XCBuildConfiguration;
			buildSettings = {
				ASSETCATALOG_COMPILER_APPICON_NAME = AppIcon;
				ASSETCATALOG_COMPILER_GLOBAL_ACCENT_COLOR_NAME = AccentColor;
				CODE_SIGN_STYLE = Automatic;
				DEVELOPMENT_ASSET_PATHS = "\"Memorize/Preview Content\"";
				DEVELOPMENT_TEAM = 5P662H3S28;
				ENABLE_PREVIEWS = YES;
				INFOPLIST_FILE = Memorize/Info.plist;
				IPHONEOS_DEPLOYMENT_TARGET = 14.0;
				LD_RUNPATH_SEARCH_PATHS = (
					"$(inherited)",
					"@executable_path/Frameworks",
				);
				PRODUCT_BUNDLE_IDENTIFIER = net.bulamu.Memorize;
				PRODUCT_NAME = "$(TARGET_NAME)";
				SWIFT_VERSION = 5.0;
				TARGETED_DEVICE_FAMILY = "1,2";
			};
			name = Release;
		};
		964ACC6E25E3A133009AC840 /* Debug */ = {
			isa = XCBuildConfiguration;
			buildSettings = {
				ALWAYS_EMBED_SWIFT_STANDARD_LIBRARIES = YES;
				BUNDLE_LOADER = "$(TEST_HOST)";
				CODE_SIGN_STYLE = Automatic;
				DEVELOPMENT_TEAM = 5P662H3S28;
				INFOPLIST_FILE = MemorizeTests/Info.plist;
				IPHONEOS_DEPLOYMENT_TARGET = 14.0;
				LD_RUNPATH_SEARCH_PATHS = (
					"$(inherited)",
					"@executable_path/Frameworks",
					"@loader_path/Frameworks",
				);
				PRODUCT_BUNDLE_IDENTIFIER = net.bulamu.MemorizeTests;
				PRODUCT_NAME = "$(TARGET_NAME)";
				SWIFT_VERSION = 5.0;
				TARGETED_DEVICE_FAMILY = "1,2";
				TEST_HOST = "$(BUILT_PRODUCTS_DIR)/Memorize.app/Memorize";
			};
			name = Debug;
		};
		964ACC6F25E3A133009AC840 /* Release */ = {
			isa = XCBuildConfiguration;
			buildSettings = {
				ALWAYS_EMBED_SWIFT_STANDARD_LIBRARIES = YES;
				BUNDLE_LOADER = "$(TEST_HOST)";
				CODE_SIGN_STYLE = Automatic;
				DEVELOPMENT_TEAM = 5P662H3S28;
				INFOPLIST_FILE = MemorizeTests/Info.plist;
				IPHONEOS_DEPLOYMENT_TARGET = 14.0;
				LD_RUNPATH_SEARCH_PATHS = (
					"$(inherited)",
					"@executable_path/Frameworks",
					"@loader_path/Frameworks",
				);
				PRODUCT_BUNDLE_IDENTIFIER = net.bulamu.MemorizeTests;
				PRODUCT_NAME = "$(TARGET_NAME)";
				SWIFT_VERSION = 5.0;
				TARGETED_DEVICE_FAMILY = "1,2";
				TEST_HOST = "$(BUILT_PRODUCTS_DIR)/Memorize.app/Memorize";
			};
			name = Release;
		};
		964ACC7125E3A133009AC840 /* Debug */ = {
			isa = XCBuildConfiguration;
			buildSettings = {
				ALWAYS_EMBED_SWIFT_STANDARD_LIBRARIES = YES;
				CODE_SIGN_STYLE = Automatic;
				DEVELOPMENT_TEAM = 5P662H3S28;
				INFOPLIST_FILE = MemorizeUITests/Info.plist;
				LD_RUNPATH_SEARCH_PATHS = (
					"$(inherited)",
					"@executable_path/Frameworks",
					"@loader_path/Frameworks",
				);
				PRODUCT_BUNDLE_IDENTIFIER = net.bulamu.MemorizeUITests;
				PRODUCT_NAME = "$(TARGET_NAME)";
				SWIFT_VERSION = 5.0;
				TARGETED_DEVICE_FAMILY = "1,2";
				TEST_TARGET_NAME = Memorize;
			};
			name = Debug;
		};
		964ACC7225E3A133009AC840 /* Release */ = {
			isa = XCBuildConfiguration;
			buildSettings = {
				ALWAYS_EMBED_SWIFT_STANDARD_LIBRARIES = YES;
				CODE_SIGN_STYLE = Automatic;
				DEVELOPMENT_TEAM = 5P662H3S28;
				INFOPLIST_FILE = MemorizeUITests/Info.plist;
				LD_RUNPATH_SEARCH_PATHS = (
					"$(inherited)",
					"@executable_path/Frameworks",
					"@loader_path/Frameworks",
				);
				PRODUCT_BUNDLE_IDENTIFIER = net.bulamu.MemorizeUITests;
				PRODUCT_NAME = "$(TARGET_NAME)";
				SWIFT_VERSION = 5.0;
				TARGETED_DEVICE_FAMILY = "1,2";
				TEST_TARGET_NAME = Memorize;
			};
			name = Release;
		};
/* End XCBuildConfiguration section */

/* Begin XCConfigurationList section */
		964ACC4025E3A131009AC840 /* Build configuration list for PBXProject "Memorize" */ = {
			isa = XCConfigurationList;
			buildConfigurations = (
				964ACC6825E3A133009AC840 /* Debug */,
				964ACC6925E3A133009AC840 /* Release */,
			);
			defaultConfigurationIsVisible = 0;
			defaultConfigurationName = Release;
		};
		964ACC6A25E3A133009AC840 /* Build configuration list for PBXNativeTarget "Memorize" */ = {
			isa = XCConfigurationList;
			buildConfigurations = (
				964ACC6B25E3A133009AC840 /* Debug */,
				964ACC6C25E3A133009AC840 /* Release */,
			);
			defaultConfigurationIsVisible = 0;
			defaultConfigurationName = Release;
		};
		964ACC6D25E3A133009AC840 /* Build configuration list for PBXNativeTarget "MemorizeTests" */ = {
			isa = XCConfigurationList;
			buildConfigurations = (
				964ACC6E25E3A133009AC840 /* Debug */,
				964ACC6F25E3A133009AC840 /* Release */,
			);
			defaultConfigurationIsVisible = 0;
			defaultConfigurationName = Release;
		};
		964ACC7025E3A133009AC840 /* Build configuration list for PBXNativeTarget "MemorizeUITests" */ = {
			isa = XCConfigurationList;
			buildConfigurations = (
				964ACC7125E3A133009AC840 /* Debug */,
				964ACC7225E3A133009AC840 /* Release */,
			);
			defaultConfigurationIsVisible = 0;
			defaultConfigurationName = Release;
		};
/* End XCConfigurationList section */
	};
	rootObject = 964ACC3D25E3A131009AC840 /* Project object */;
}
